
Microsoft Visual Studio Solution File, Format Version 12.00
# Visual Studio Version 17
VisualStudioVersion = 17.10.35013.160
MinimumVisualStudioVersion = 10.0.40219.1
Project("{9A19103F-16F7-4668-BE54-9A1E7A4F7556}") = "F1App", "F1App\F1App.csproj", "{A27E0C7F-2452-444C-9F0A-838D1F275C85}"
EndProject
Global
	GlobalSection(SolutionConfigurationPlatforms) = preSolution
		Debug|Any CPU = Debug|Any CPU
		Release|Any CPU = Release|Any CPU
	EndGlobalSection
	GlobalSection(ProjectConfigurationPlatforms) = postSolution
		{A27E0C7F-2452-444C-9F0A-838D1F275C85}.Debug|Any CPU.ActiveCfg = Debug|Any CPU
		{A27E0C7F-2452-444C-9F0A-838D1F275C85}.Debug|Any CPU.Build.0 = Debug|Any CPU
		{A27E0C7F-2452-444C-9F0A-838D1F275C85}.Debug|Any CPU.Deploy.0 = Debug|Any CPU
		{A27E0C7F-2452-444C-9F0A-838D1F275C85}.Release|Any CPU.ActiveCfg = Release|Any CPU
		{A27E0C7F-2452-444C-9F0A-838D1F275C85}.Release|Any CPU.Build.0 = Release|Any CPU
		{A27E0C7F-2452-444C-9F0A-838D1F275C85}.Release|Any CPU.Deploy.0 = Release|Any CPU
	EndGlobalSection
	GlobalSection(SolutionProperties) = preSolution
		HideSolutionNode = FALSE
	EndGlobalSection
	GlobalSection(ExtensibilityGlobals) = postSolution
		SolutionGuid = {A84AFAFF-4666-479F-82BF-132553A45FD8}
	EndGlobalSection
EndGlobal
